// !$*UTF8*$!
{
	archiveVersion = 1;
	classes = {
	};
	objectVersion = 42;
	objects = {

/* Begin PBXBuildFile section */
		98D39F2E0EB59DA4002F027B /* libIrrlicht.a in Frameworks */ = {isa = PBXBuildFile; fileRef = 98D39F000EB59CBF002F027B /* libIrrlicht.a */; };
		98D39F2F0EB59DA4002F027B /* Carbon.framework in Frameworks */ = {isa = PBXBuildFile; fileRef = 98D39EFD0EB59C70002F027B /* Carbon.framework */; };
		98D39F300EB59DA4002F027B /* Cocoa.framework in Frameworks */ = {isa = PBXBuildFile; fileRef = 98D39EFE0EB59C70002F027B /* Cocoa.framework */; };
		98D39F310EB59DA4002F027B /* OpenGL.framework in Frameworks */ = {isa = PBXBuildFile; fileRef = 98D39EFF0EB59C70002F027B /* OpenGL.framework */; };
		98D39F360EB59DF0002F027B /* main.cpp in Sources */ = {isa = PBXBuildFile; fileRef = 98D39F350EB59DF0002F027B /* main.cpp */; };
/* End PBXBuildFile section */

/* Begin PBXFileReference section */
		98D39EFD0EB59C70002F027B /* Carbon.framework */ = {isa = PBXFileReference; lastKnownFileType = wrapper.framework; name = Carbon.framework; path = /System/Library/Frameworks/Carbon.framework; sourceTree = "<absolute>"; };
		98D39EFE0EB59C70002F027B /* Cocoa.framework */ = {isa = PBXFileReference; lastKnownFileType = wrapper.framework; name = Cocoa.framework; path = /System/Library/Frameworks/Cocoa.framework; sourceTree = "<absolute>"; };
		98D39EFF0EB59C70002F027B /* OpenGL.framework */ = {isa = PBXFileReference; lastKnownFileType = wrapper.framework; name = OpenGL.framework; path = /System/Library/Frameworks/OpenGL.framework; sourceTree = "<absolute>"; };
		98D39F000EB59CBF002F027B /* libIrrlicht.a */ = {isa = PBXFileReference; lastKnownFileType = archive.ar; path = libIrrlicht.a; sourceTree = "<group>"; };
		98D39F270EB59D88002F027B /* FYP.app */ = {isa = PBXFileReference; explicitFileType = wrapper.application; includeInIndex = 0; path = FYP.app; sourceTree = BUILT_PRODUCTS_DIR; };
		98D39F2A0EB59D88002F027B /* FYP-Info.plist */ = {isa = PBXFileReference; lastKnownFileType = text.plist.xml; path = "FYP-Info.plist"; sourceTree = "<group>"; };
		98D39F350EB59DF0002F027B /* main.cpp */ = {isa = PBXFileReference; fileEncoding = 4; lastKnownFileType = sourcecode.cpp.cpp; path = main.cpp; sourceTree = "<group>"; };
/* End PBXFileReference section */

/* Begin PBXFrameworksBuildPhase section */
		98D39F250EB59D88002F027B /* Frameworks */ = {
			isa = PBXFrameworksBuildPhase;
			buildActionMask = 2147483647;
			files = (
				98D39F2E0EB59DA4002F027B /* libIrrlicht.a in Frameworks */,
				98D39F2F0EB59DA4002F027B /* Carbon.framework in Frameworks */,
				98D39F300EB59DA4002F027B /* Cocoa.framework in Frameworks */,
				98D39F310EB59DA4002F027B /* OpenGL.framework in Frameworks */,
			);
			runOnlyForDeploymentPostprocessing = 0;
		};
/* End PBXFrameworksBuildPhase section */

/* Begin PBXGroup section */
		98D39EF20EB59C4C002F027B = {
			isa = PBXGroup;
			children = (
				98D39F350EB59DF0002F027B /* main.cpp */,
				98D39F280EB59D88002F027B /* Products */,
				98D39F2A0EB59D88002F027B /* FYP-Info.plist */,
				98D39F320EB59DB3002F027B /* library */,
			);
			sourceTree = "<group>";
		};
		98D39F280EB59D88002F027B /* Products */ = {
			isa = PBXGroup;
			children = (
				98D39F270EB59D88002F027B /* FYP.app */,
			);
			name = Products;
			sourceTree = "<group>";
		};
		98D39F320EB59DB3002F027B /* library */ = {
			isa = PBXGroup;
			children = (
				98D39F000EB59CBF002F027B /* libIrrlicht.a */,
				98D39EFD0EB59C70002F027B /* Carbon.framework */,
				98D39EFE0EB59C70002F027B /* Cocoa.framework */,
				98D39EFF0EB59C70002F027B /* OpenGL.framework */,
			);
			name = library;
			sourceTree = "<group>";
		};
/* End PBXGroup section */

/* Begin PBXNativeTarget section */
		98D39F260EB59D88002F027B /* FYP */ = {
			isa = PBXNativeTarget;
			buildConfigurationList = 98D39F2D0EB59D88002F027B /* Build configuration list for PBXNativeTarget "FYP" */;
			buildPhases = (
				98D39F230EB59D88002F027B /* Resources */,
				98D39F240EB59D88002F027B /* Sources */,
				98D39F250EB59D88002F027B /* Frameworks */,
			);
			buildRules = (
			);
			dependencies = (
			);
			name = FYP;
			productName = FYP;
			productReference = 98D39F270EB59D88002F027B /* FYP.app */;
			productType = "com.apple.product-type.application";
		};
/* End PBXNativeTarget section */

/* Begin PBXProject section */
		98D39EF40EB59C4C002F027B /* Project object */ = {
			isa = PBXProject;
			buildConfigurationList = 98D39EF70EB59C4C002F027B /* Build configuration list for PBXProject "MacOSX" */;
			compatibilityVersion = "Xcode 2.4";
			hasScannedForEncodings = 0;
			mainGroup = 98D39EF20EB59C4C002F027B;
			productRefGroup = 98D39F280EB59D88002F027B /* Products */;
			projectDirPath = "";
			projectRoot = "";
			targets = (
				98D39F260EB59D88002F027B /* FYP */,
			);
		};
/* End PBXProject section */

/* Begin PBXResourcesBuildPhase section */
		98D39F230EB59D88002F027B /* Resources */ = {
			isa = PBXResourcesBuildPhase;
			buildActionMask = 2147483647;
			files = (
			);
			runOnlyForDeploymentPostprocessing = 0;
		};
/* End PBXResourcesBuildPhase section */

/* Begin PBXSourcesBuildPhase section */
		98D39F240EB59D88002F027B /* Sources */ = {
			isa = PBXSourcesBuildPhase;
			buildActionMask = 2147483647;
			files = (
				98D39F360EB59DF0002F027B /* main.cpp in Sources */,
			);
			runOnlyForDeploymentPostprocessing = 0;
		};
/* End PBXSourcesBuildPhase section */

/* Begin XCBuildConfiguration section */
		98D39EF50EB59C4C002F027B /* Debug */ = {
			isa = XCBuildConfiguration;
			buildSettings = {
				COPY_PHASE_STRIP = NO;
				HEADER_SEARCH_PATHS = ../include/;
				SDKROOT = /Developer/SDKs/MacOSX10.4u.sdk;
			};
			name = Debug;
		};
		98D39EF60EB59C4C002F027B /* Release */ = {
			isa = XCBuildConfiguration;
			buildSettings = {
				COPY_PHASE_STRIP = YES;
				HEADER_SEARCH_PATHS = ../include/;
				SDKROOT = /Developer/SDKs/MacOSX10.4u.sdk;
			};
			name = Release;
		};
		98D39F2B0EB59D88002F027B /* Debug */ = {
			isa = XCBuildConfiguration;
			buildSettings = {
				COPY_PHASE_STRIP = NO;
				GCC_DYNAMIC_NO_PIC = NO;
				GCC_ENABLE_FIX_AND_CONTINUE = YES;
				GCC_MODEL_TUNING = G5;
				GCC_OPTIMIZATION_LEVEL = 0;
				GCC_PRECOMPILE_PREFIX_HEADER = YES;
				GCC_PREFIX_HEADER = "$(SYSTEM_LIBRARY_DIR)/Frameworks/Carbon.framework/Headers/Carbon.h";
				INFOPLIST_FILE = "FYP-Info.plist";
				INSTALL_PATH = "$(HOME)/Applications";
				LIBRARY_SEARCH_PATHS = (
					"$(inherited)",
					"$(LIBRARY_SEARCH_PATHS_QUOTED_FOR_TARGET_1)",
				);
				LIBRARY_SEARCH_PATHS_QUOTED_FOR_TARGET_1 = "\"$(SRCROOT)\"";
				OTHER_LDFLAGS = (
					"-framework",
					Carbon,
				);
				PREBINDING = NO;
				PRODUCT_NAME = FYP;
				WRAPPER_EXTENSION = app;
				ZERO_LINK = YES;
			};
			name = Debug;
		};
		98D39F2C0EB59D88002F027B /* Release */ = {
			isa = XCBuildConfiguration;
			buildSettings = {
				COPY_PHASE_STRIP = YES;
				DEBUG_INFORMATION_FORMAT = "dwarf-with-dsym";
				GCC_ENABLE_FIX_AND_CONTINUE = NO;
				GCC_MODEL_TUNING = G5;
				GCC_PRECOMPILE_PREFIX_HEADER = YES;
				GCC_PREFIX_HEADER = "$(SYSTEM_LIBRARY_DIR)/Frameworks/Carbon.framework/Headers/Carbon.h";
				INFOPLIST_FILE = "FYP-Info.plist";
				INSTALL_PATH = "$(HOME)/Applications";
				LIBRARY_SEARCH_PATHS = (
					"$(inherited)",
					"$(LIBRARY_SEARCH_PATHS_QUOTED_FOR_TARGET_1)",
				);
				LIBRARY_SEARCH_PATHS_QUOTED_FOR_TARGET_1 = "\"$(SRCROOT)\"";
				OTHER_LDFLAGS = (
					"-framework",
					Carbon,
				);
				PREBINDING = NO;
				PRODUCT_NAME = FYP;
				WRAPPER_EXTENSION = app;
				ZERO_LINK = NO;
			};
			name = Release;
		};
/* End XCBuildConfiguration section */

/* Begin XCConfigurationList section */
		98D39EF70EB59C4C002F027B /* Build configuration list for PBXProject "MacOSX" */ = {
			isa = XCConfigurationList;
			buildConfigurations = (
				98D39EF50EB59C4C002F027B /* Debug */,
				98D39EF60EB59C4C002F027B /* Release */,
			);
			defaultConfigurationIsVisible = 0;
			defaultConfigurationName = Release;
		};
		98D39F2D0EB59D88002F027B /* Build configuration list for PBXNativeTarget "FYP" */ = {
			isa = XCConfigurationList;
			buildConfigurations = (
				98D39F2B0EB59D88002F027B /* Debug */,
				98D39F2C0EB59D88002F027B /* Release */,
			);
			defaultConfigurationIsVisible = 0;
			defaultConfigurationName = Release;
		};
/* End XCConfigurationList section */
	};
	rootObject = 98D39EF40EB59C4C002F027B /* Project object */;
}
