// !$*UTF8*$!
{
	archiveVersion = 1;
	classes = {
	};
	objectVersion = 42;
	objects = {

/* Begin PBXBuildFile section */
		8E0571AB0F9654930033DCAD /* libikpMP3.dylib in Frameworks */ = {isa = PBXBuildFile; fileRef = 8E0571AA0F9654930033DCAD /* libikpMP3.dylib */; };
		9803EA410F9308F00041D61B /* ShaderFactory.cpp in Sources */ = {isa = PBXBuildFile; fileRef = 9803EA3F0F9308F00041D61B /* ShaderFactory.cpp */; };
		9803EA440F9309050041D61B /* Shader.cpp in Sources */ = {isa = PBXBuildFile; fileRef = 9803EA430F9309050041D61B /* Shader.cpp */; };
		9807F47D0F4FED16008E3E5B /* main.cpp in Sources */ = {isa = PBXBuildFile; fileRef = 9807F47C0F4FED16008E3E5B /* main.cpp */; };
		9807F7AC0F50645B008E3E5B /* libirrKlang.a in Frameworks */ = {isa = PBXBuildFile; fileRef = 9807F7AB0F50645B008E3E5B /* libirrKlang.a */; };
		980AE6360F9E7AFA009BF936 /* Utils.cpp in Sources */ = {isa = PBXBuildFile; fileRef = 980AE6340F9E7AFA009BF936 /* Utils.cpp */; };
		980DBDE00F95DDAB0019D252 /* GamePart.cpp in Sources */ = {isa = PBXBuildFile; fileRef = 980DBDDE0F95DDAB0019D252 /* GamePart.cpp */; };
		980DBDEC0F95DE520019D252 /* libirrklang.dylib in Frameworks */ = {isa = PBXBuildFile; fileRef = 980DBDEA0F95DE520019D252 /* libirrklang.dylib */; };
		980DBE000F95E0B40019D252 /* ikpMP3.dylib in Frameworks */ = {isa = PBXBuildFile; fileRef = 980DBDFF0F95E0B40019D252 /* ikpMP3.dylib */; };
		9830F63E0F8CBAB5009055BC /* MainMenu.nib in Resources */ = {isa = PBXBuildFile; fileRef = 9830F6390F8CBAB5009055BC /* MainMenu.nib */; };
		98563E760F1A46370050410E /* libboost_thread-gcc40-mt-s.a in Frameworks */ = {isa = PBXBuildFile; fileRef = 98563E710F1A46370050410E /* libboost_thread-gcc40-mt-s.a */; };
		98563E770F1A46370050410E /* libboost_thread-gcc40-mt-s-1_37.a in Frameworks */ = {isa = PBXBuildFile; fileRef = 98563E720F1A46370050410E /* libboost_thread-gcc40-mt-s-1_37.a */; };
		98563E780F1A46370050410E /* libboost_date_time-gcc40-mt-s.a in Frameworks */ = {isa = PBXBuildFile; fileRef = 98563E730F1A46370050410E /* libboost_date_time-gcc40-mt-s.a */; };
		98563E790F1A46380050410E /* libboost_date_time-gcc40-mt-s-1_37.a in Frameworks */ = {isa = PBXBuildFile; fileRef = 98563E740F1A46370050410E /* libboost_date_time-gcc40-mt-s-1_37.a */; };
		98563E7A0F1A46380050410E /* libfreetype.a in Frameworks */ = {isa = PBXBuildFile; fileRef = 98563E750F1A46370050410E /* libfreetype.a */; };
		98563E7C0F1A46480050410E /* libIrrlicht.a in Frameworks */ = {isa = PBXBuildFile; fileRef = 98563E7B0F1A46480050410E /* libIrrlicht.a */; };
		985A49DF0F91E6DE00C9C0DE /* FontManager.cpp in Sources */ = {isa = PBXBuildFile; fileRef = 985A49DD0F91E6DE00C9C0DE /* FontManager.cpp */; };
		985A49EB0F91E71800C9C0DE /* Tokenizer.cpp in Sources */ = {isa = PBXBuildFile; fileRef = 985A49E90F91E71800C9C0DE /* Tokenizer.cpp */; };
		9868F1220F1306E5004AE96C /* Carbon.framework in Frameworks */ = {isa = PBXBuildFile; fileRef = 9868EF510F130414004AE96C /* Carbon.framework */; };
		9868F1230F1306E5004AE96C /* Cocoa.framework in Frameworks */ = {isa = PBXBuildFile; fileRef = 9868EF520F130414004AE96C /* Cocoa.framework */; };
		9868F1240F1306E5004AE96C /* OpenGL.framework in Frameworks */ = {isa = PBXBuildFile; fileRef = 9868EF530F130414004AE96C /* OpenGL.framework */; };
		98B885450F963CDE0002A9D5 /* ParticleManager.cpp in Sources */ = {isa = PBXBuildFile; fileRef = 98B885430F963CDE0002A9D5 /* ParticleManager.cpp */; };
		98BF9F360F91144A00561309 /* CollisionHelper.cpp in Sources */ = {isa = PBXBuildFile; fileRef = 98BF9ED90F91144900561309 /* CollisionHelper.cpp */; };
		98BF9F370F91144A00561309 /* DebugInfo.cpp in Sources */ = {isa = PBXBuildFile; fileRef = 98BF9EDB0F91144900561309 /* DebugInfo.cpp */; };
		98BF9F380F91144A00561309 /* Actor.cpp in Sources */ = {isa = PBXBuildFile; fileRef = 98BF9EDE0F91144900561309 /* Actor.cpp */; };
		98BF9F390F91144A00561309 /* Camera.cpp in Sources */ = {isa = PBXBuildFile; fileRef = 98BF9EE10F91144900561309 /* Camera.cpp */; };
		98BF9F420F91144A00561309 /* GameHUD.cpp in Sources */ = {isa = PBXBuildFile; fileRef = 98BF9EF40F91144900561309 /* GameHUD.cpp */; };
		98BF9F430F91144A00561309 /* GameWorld.cpp in Sources */ = {isa = PBXBuildFile; fileRef = 98BF9EF60F91144900561309 /* GameWorld.cpp */; };
		98BF9F440F91144A00561309 /* HPItem.cpp in Sources */ = {isa = PBXBuildFile; fileRef = 98BF9EF80F91144900561309 /* HPItem.cpp */; };
		98BF9F450F91144A00561309 /* InteractiveActor.cpp in Sources */ = {isa = PBXBuildFile; fileRef = 98BF9EFA0F91144900561309 /* InteractiveActor.cpp */; };
		98BF9F460F91144A00561309 /* Item.cpp in Sources */ = {isa = PBXBuildFile; fileRef = 98BF9EFC0F91144900561309 /* Item.cpp */; };
		98BF9F480F91144A00561309 /* MainCharacter.cpp in Sources */ = {isa = PBXBuildFile; fileRef = 98BF9F000F91144900561309 /* MainCharacter.cpp */; };
		98BF9F490F91144A00561309 /* MDiscItem.cpp in Sources */ = {isa = PBXBuildFile; fileRef = 98BF9F020F91144900561309 /* MDiscItem.cpp */; };
		98BF9F4A0F91144A00561309 /* Monster.cpp in Sources */ = {isa = PBXBuildFile; fileRef = 98BF9F040F91144900561309 /* Monster.cpp */; };
		98BF9F4D0F91144A00561309 /* Player.cpp in Sources */ = {isa = PBXBuildFile; fileRef = 98BF9F0B0F91144900561309 /* Player.cpp */; };
		98BF9F500F91144A00561309 /* ProgressCircle.cpp in Sources */ = {isa = PBXBuildFile; fileRef = 98BF9F110F91144A00561309 /* ProgressCircle.cpp */; };
		98BF9F510F91144A00561309 /* Robot.cpp in Sources */ = {isa = PBXBuildFile; fileRef = 98BF9F130F91144A00561309 /* Robot.cpp */; };
		98BF9F520F91144A00561309 /* SellingMachine.cpp in Sources */ = {isa = PBXBuildFile; fileRef = 98BF9F150F91144A00561309 /* SellingMachine.cpp */; };
		98BF9F570F91144A00561309 /* TalkativeNPC.cpp in Sources */ = {isa = PBXBuildFile; fileRef = 98BF9F1F0F91144A00561309 /* TalkativeNPC.cpp */; };
		98BF9F580F91144A00561309 /* TriggerEventItem.cpp in Sources */ = {isa = PBXBuildFile; fileRef = 98BF9F210F91144A00561309 /* TriggerEventItem.cpp */; };
		98BF9F590F91144A00561309 /* WeaponItem.cpp in Sources */ = {isa = PBXBuildFile; fileRef = 98BF9F230F91144A00561309 /* WeaponItem.cpp */; };
		98BF9F5A0F91144A00561309 /* XItem.cpp in Sources */ = {isa = PBXBuildFile; fileRef = 98BF9F250F91144A00561309 /* XItem.cpp */; };
		98BF9F5B0F91144A00561309 /* CGUIStaticTTText.cpp in Sources */ = {isa = PBXBuildFile; fileRef = 98BF9F280F91144A00561309 /* CGUIStaticTTText.cpp */; };
		98BF9F5C0F91144A00561309 /* CGUITTFont.cpp in Sources */ = {isa = PBXBuildFile; fileRef = 98BF9F2A0F91144A00561309 /* CGUITTFont.cpp */; };
		98BF9F5D0F91144A00561309 /* FloorDecalSceneNode.cpp in Sources */ = {isa = PBXBuildFile; fileRef = 98BF9F2C0F91144A00561309 /* FloorDecalSceneNode.cpp */; };
		98BF9F5E0F91144A00561309 /* FrontEnd.cpp in Sources */ = {isa = PBXBuildFile; fileRef = 98BF9F2E0F91144A00561309 /* FrontEnd.cpp */; };
		98BF9F5F0F91144A00561309 /* GameEngine.cpp in Sources */ = {isa = PBXBuildFile; fileRef = 98BF9F300F91144A00561309 /* GameEngine.cpp */; };
		98BF9F600F91144A00561309 /* InputEventReceiver.cpp in Sources */ = {isa = PBXBuildFile; fileRef = 98BF9F320F91144A00561309 /* InputEventReceiver.cpp */; };
		98BF9F610F91144A00561309 /* StartupScreen.cpp in Sources */ = {isa = PBXBuildFile; fileRef = 98BF9F340F91144A00561309 /* StartupScreen.cpp */; };
/* End PBXBuildFile section */

/* Begin PBXFileReference section */
		8E0571AA0F9654930033DCAD /* libikpMP3.dylib */ = {isa = PBXFileReference; lastKnownFileType = "compiled.mach-o.dylib"; name = libikpMP3.dylib; path = ../libikpMP3.dylib; sourceTree = SOURCE_ROOT; };
		9803EA3F0F9308F00041D61B /* ShaderFactory.cpp */ = {isa = PBXFileReference; fileEncoding = 4; lastKnownFileType = sourcecode.cpp.cpp; path = ShaderFactory.cpp; sourceTree = "<group>"; };
		9803EA400F9308F00041D61B /* ShaderFactory.hpp */ = {isa = PBXFileReference; fileEncoding = 4; lastKnownFileType = sourcecode.cpp.h; path = ShaderFactory.hpp; sourceTree = "<group>"; };
		9803EA420F9309050041D61B /* Shader.hpp */ = {isa = PBXFileReference; fileEncoding = 4; lastKnownFileType = sourcecode.cpp.h; path = Shader.hpp; sourceTree = "<group>"; };
		9803EA430F9309050041D61B /* Shader.cpp */ = {isa = PBXFileReference; fileEncoding = 4; lastKnownFileType = sourcecode.cpp.cpp; path = Shader.cpp; sourceTree = "<group>"; };
		9807F47C0F4FED16008E3E5B /* main.cpp */ = {isa = PBXFileReference; fileEncoding = 4; lastKnownFileType = sourcecode.cpp.cpp; name = main.cpp; path = ../main.cpp; sourceTree = SOURCE_ROOT; };
		9807F7AB0F50645B008E3E5B /* libirrKlang.a */ = {isa = PBXFileReference; lastKnownFileType = archive.ar; name = libirrKlang.a; path = ../../lib/libirrKlang.a; sourceTree = SOURCE_ROOT; };
		980AE6340F9E7AFA009BF936 /* Utils.cpp */ = {isa = PBXFileReference; fileEncoding = 4; lastKnownFileType = sourcecode.cpp.cpp; path = Utils.cpp; sourceTree = "<group>"; };
		980AE6350F9E7AFA009BF936 /* Utils.hpp */ = {isa = PBXFileReference; fileEncoding = 4; lastKnownFileType = sourcecode.cpp.h; path = Utils.hpp; sourceTree = "<group>"; };
		980DBDDE0F95DDAB0019D252 /* GamePart.cpp */ = {isa = PBXFileReference; fileEncoding = 4; lastKnownFileType = sourcecode.cpp.cpp; path = GamePart.cpp; sourceTree = "<group>"; };
		980DBDDF0F95DDAB0019D252 /* GamePart.hpp */ = {isa = PBXFileReference; fileEncoding = 4; lastKnownFileType = sourcecode.cpp.h; path = GamePart.hpp; sourceTree = "<group>"; };
		980DBDEA0F95DE520019D252 /* libirrklang.dylib */ = {isa = PBXFileReference; lastKnownFileType = "compiled.mach-o.dylib"; name = libirrklang.dylib; path = ../../libirrklang.dylib; sourceTree = SOURCE_ROOT; };
		980DBDFF0F95E0B40019D252 /* ikpMP3.dylib */ = {isa = PBXFileReference; lastKnownFileType = "compiled.mach-o.dylib"; name = ikpMP3.dylib; path = ../../ikpMP3.dylib; sourceTree = SOURCE_ROOT; };
		9830F6390F8CBAB5009055BC /* MainMenu.nib */ = {isa = PBXFileReference; lastKnownFileType = wrapper.nib; path = MainMenu.nib; sourceTree = "<group>"; };
		98563E710F1A46370050410E /* libboost_thread-gcc40-mt-s.a */ = {isa = PBXFileReference; lastKnownFileType = archive.ar; name = "libboost_thread-gcc40-mt-s.a"; path = "../../lib/libboost_thread-gcc40-mt-s.a"; sourceTree = SOURCE_ROOT; };
		98563E720F1A46370050410E /* libboost_thread-gcc40-mt-s-1_37.a */ = {isa = PBXFileReference; lastKnownFileType = archive.ar; name = "libboost_thread-gcc40-mt-s-1_37.a"; path = "../../lib/libboost_thread-gcc40-mt-s-1_37.a"; sourceTree = SOURCE_ROOT; };
		98563E730F1A46370050410E /* libboost_date_time-gcc40-mt-s.a */ = {isa = PBXFileReference; lastKnownFileType = archive.ar; name = "libboost_date_time-gcc40-mt-s.a"; path = "../../lib/libboost_date_time-gcc40-mt-s.a"; sourceTree = SOURCE_ROOT; };
		98563E740F1A46370050410E /* libboost_date_time-gcc40-mt-s-1_37.a */ = {isa = PBXFileReference; lastKnownFileType = archive.ar; name = "libboost_date_time-gcc40-mt-s-1_37.a"; path = "../../lib/libboost_date_time-gcc40-mt-s-1_37.a"; sourceTree = SOURCE_ROOT; };
		98563E750F1A46370050410E /* libfreetype.a */ = {isa = PBXFileReference; lastKnownFileType = archive.ar; name = libfreetype.a; path = ../../lib/libfreetype.a; sourceTree = SOURCE_ROOT; };
		98563E7B0F1A46480050410E /* libIrrlicht.a */ = {isa = PBXFileReference; lastKnownFileType = archive.ar; name = libIrrlicht.a; path = ../../lib/libIrrlicht.a; sourceTree = SOURCE_ROOT; };
		985A49DD0F91E6DE00C9C0DE /* FontManager.cpp */ = {isa = PBXFileReference; fileEncoding = 4; lastKnownFileType = sourcecode.cpp.cpp; path = FontManager.cpp; sourceTree = "<group>"; };
		985A49DE0F91E6DE00C9C0DE /* FontManager.hpp */ = {isa = PBXFileReference; fileEncoding = 4; lastKnownFileType = sourcecode.cpp.h; path = FontManager.hpp; sourceTree = "<group>"; };
		985A49E90F91E71800C9C0DE /* Tokenizer.cpp */ = {isa = PBXFileReference; fileEncoding = 4; lastKnownFileType = sourcecode.cpp.cpp; path = Tokenizer.cpp; sourceTree = "<group>"; };
		985A49EA0F91E71800C9C0DE /* Tokenizer.hpp */ = {isa = PBXFileReference; fileEncoding = 4; lastKnownFileType = sourcecode.cpp.h; path = Tokenizer.hpp; sourceTree = "<group>"; };
		9868EF510F130414004AE96C /* Carbon.framework */ = {isa = PBXFileReference; lastKnownFileType = wrapper.framework; name = Carbon.framework; path = /System/Library/Frameworks/Carbon.framework; sourceTree = "<absolute>"; };
		9868EF520F130414004AE96C /* Cocoa.framework */ = {isa = PBXFileReference; lastKnownFileType = wrapper.framework; name = Cocoa.framework; path = /System/Library/Frameworks/Cocoa.framework; sourceTree = "<absolute>"; };
		9868EF530F130414004AE96C /* OpenGL.framework */ = {isa = PBXFileReference; lastKnownFileType = wrapper.framework; name = OpenGL.framework; path = /System/Library/Frameworks/OpenGL.framework; sourceTree = "<absolute>"; };
		9868F1060F1305AD004AE96C /* FYP.app */ = {isa = PBXFileReference; explicitFileType = wrapper.application; includeInIndex = 0; path = FYP.app; sourceTree = BUILT_PRODUCTS_DIR; };
		9868F1090F1305AD004AE96C /* FYP-Info.plist */ = {isa = PBXFileReference; lastKnownFileType = text.plist.xml; path = "FYP-Info.plist"; sourceTree = "<group>"; };
		98B885430F963CDE0002A9D5 /* ParticleManager.cpp */ = {isa = PBXFileReference; fileEncoding = 4; lastKnownFileType = sourcecode.cpp.cpp; path = ParticleManager.cpp; sourceTree = "<group>"; };
		98B885440F963CDE0002A9D5 /* ParticleManager.hpp */ = {isa = PBXFileReference; fileEncoding = 4; lastKnownFileType = sourcecode.cpp.h; path = ParticleManager.hpp; sourceTree = "<group>"; };
		98BF9ED80F91144900561309 /* Check.hpp */ = {isa = PBXFileReference; fileEncoding = 4; lastKnownFileType = sourcecode.cpp.h; path = Check.hpp; sourceTree = "<group>"; };
		98BF9ED90F91144900561309 /* CollisionHelper.cpp */ = {isa = PBXFileReference; fileEncoding = 4; lastKnownFileType = sourcecode.cpp.cpp; path = CollisionHelper.cpp; sourceTree = "<group>"; };
		98BF9EDA0F91144900561309 /* CollisionHelper.hpp */ = {isa = PBXFileReference; fileEncoding = 4; lastKnownFileType = sourcecode.cpp.h; path = CollisionHelper.hpp; sourceTree = "<group>"; };
		98BF9EDB0F91144900561309 /* DebugInfo.cpp */ = {isa = PBXFileReference; fileEncoding = 4; lastKnownFileType = sourcecode.cpp.cpp; path = DebugInfo.cpp; sourceTree = "<group>"; };
		98BF9EDC0F91144900561309 /* DebugInfo.hpp */ = {isa = PBXFileReference; fileEncoding = 4; lastKnownFileType = sourcecode.cpp.h; path = DebugInfo.hpp; sourceTree = "<group>"; };
		98BF9EDE0F91144900561309 /* Actor.cpp */ = {isa = PBXFileReference; fileEncoding = 4; lastKnownFileType = sourcecode.cpp.cpp; path = Actor.cpp; sourceTree = "<group>"; };
		98BF9EDF0F91144900561309 /* Actor.hpp */ = {isa = PBXFileReference; fileEncoding = 4; lastKnownFileType = sourcecode.cpp.h; path = Actor.hpp; sourceTree = "<group>"; };
		98BF9EE00F91144900561309 /* ActorTypes.hpp */ = {isa = PBXFileReference; fileEncoding = 4; lastKnownFileType = sourcecode.cpp.h; path = ActorTypes.hpp; sourceTree = "<group>"; };
		98BF9EE10F91144900561309 /* Camera.cpp */ = {isa = PBXFileReference; fileEncoding = 4; lastKnownFileType = sourcecode.cpp.cpp; path = Camera.cpp; sourceTree = "<group>"; };
		98BF9EE20F91144900561309 /* Camera.hpp */ = {isa = PBXFileReference; fileEncoding = 4; lastKnownFileType = sourcecode.cpp.h; path = Camera.hpp; sourceTree = "<group>"; };
		98BF9EF40F91144900561309 /* GameHUD.cpp */ = {isa = PBXFileReference; fileEncoding = 4; lastKnownFileType = sourcecode.cpp.cpp; path = GameHUD.cpp; sourceTree = "<group>"; };
		98BF9EF50F91144900561309 /* GameHUD.hpp */ = {isa = PBXFileReference; fileEncoding = 4; lastKnownFileType = sourcecode.cpp.h; path = GameHUD.hpp; sourceTree = "<group>"; };
		98BF9EF60F91144900561309 /* GameWorld.cpp */ = {isa = PBXFileReference; fileEncoding = 4; lastKnownFileType = sourcecode.cpp.cpp; path = GameWorld.cpp; sourceTree = "<group>"; };
		98BF9EF70F91144900561309 /* GameWorld.hpp */ = {isa = PBXFileReference; fileEncoding = 4; lastKnownFileType = sourcecode.cpp.h; path = GameWorld.hpp; sourceTree = "<group>"; };
		98BF9EF80F91144900561309 /* HPItem.cpp */ = {isa = PBXFileReference; fileEncoding = 4; lastKnownFileType = sourcecode.cpp.cpp; path = HPItem.cpp; sourceTree = "<group>"; };
		98BF9EF90F91144900561309 /* HPItem.hpp */ = {isa = PBXFileReference; fileEncoding = 4; lastKnownFileType = sourcecode.cpp.h; path = HPItem.hpp; sourceTree = "<group>"; };
		98BF9EFA0F91144900561309 /* InteractiveActor.cpp */ = {isa = PBXFileReference; fileEncoding = 4; lastKnownFileType = sourcecode.cpp.cpp; path = InteractiveActor.cpp; sourceTree = "<group>"; };
		98BF9EFB0F91144900561309 /* InteractiveActor.hpp */ = {isa = PBXFileReference; fileEncoding = 4; lastKnownFileType = sourcecode.cpp.h; path = InteractiveActor.hpp; sourceTree = "<group>"; };
		98BF9EFC0F91144900561309 /* Item.cpp */ = {isa = PBXFileReference; fileEncoding = 4; lastKnownFileType = sourcecode.cpp.cpp; path = Item.cpp; sourceTree = "<group>"; };
		98BF9EFD0F91144900561309 /* Item.hpp */ = {isa = PBXFileReference; fileEncoding = 4; lastKnownFileType = sourcecode.cpp.h; path = Item.hpp; sourceTree = "<group>"; };
		98BF9F000F91144900561309 /* MainCharacter.cpp */ = {isa = PBXFileReference; fileEncoding = 4; lastKnownFileType = sourcecode.cpp.cpp; path = MainCharacter.cpp; sourceTree = "<group>"; };
		98BF9F010F91144900561309 /* MainCharacter.hpp */ = {isa = PBXFileReference; fileEncoding = 4; lastKnownFileType = sourcecode.cpp.h; path = MainCharacter.hpp; sourceTree = "<group>"; };
		98BF9F020F91144900561309 /* MDiscItem.cpp */ = {isa = PBXFileReference; fileEncoding = 4; lastKnownFileType = sourcecode.cpp.cpp; path = MDiscItem.cpp; sourceTree = "<group>"; };
		98BF9F030F91144900561309 /* MDiscItem.hpp */ = {isa = PBXFileReference; fileEncoding = 4; lastKnownFileType = sourcecode.cpp.h; path = MDiscItem.hpp; sourceTree = "<group>"; };
		98BF9F040F91144900561309 /* Monster.cpp */ = {isa = PBXFileReference; fileEncoding = 4; lastKnownFileType = sourcecode.cpp.cpp; path = Monster.cpp; sourceTree = "<group>"; };
		98BF9F050F91144900561309 /* Monster.hpp */ = {isa = PBXFileReference; fileEncoding = 4; lastKnownFileType = sourcecode.cpp.h; path = Monster.hpp; sourceTree = "<group>"; };
		98BF9F060F91144900561309 /* NodeID.hpp */ = {isa = PBXFileReference; fileEncoding = 4; lastKnownFileType = sourcecode.cpp.h; path = NodeID.hpp; sourceTree = "<group>"; };
		98BF9F0B0F91144900561309 /* Player.cpp */ = {isa = PBXFileReference; fileEncoding = 4; lastKnownFileType = sourcecode.cpp.cpp; path = Player.cpp; sourceTree = "<group>"; };
		98BF9F0C0F91144900561309 /* Player.hpp */ = {isa = PBXFileReference; fileEncoding = 4; lastKnownFileType = sourcecode.cpp.h; path = Player.hpp; sourceTree = "<group>"; };
		98BF9F110F91144A00561309 /* ProgressCircle.cpp */ = {isa = PBXFileReference; fileEncoding = 4; lastKnownFileType = sourcecode.cpp.cpp; path = ProgressCircle.cpp; sourceTree = "<group>"; };
		98BF9F120F91144A00561309 /* ProgressCircle.hpp */ = {isa = PBXFileReference; fileEncoding = 4; lastKnownFileType = sourcecode.cpp.h; path = ProgressCircle.hpp; sourceTree = "<group>"; };
		98BF9F130F91144A00561309 /* Robot.cpp */ = {isa = PBXFileReference; fileEncoding = 4; lastKnownFileType = sourcecode.cpp.cpp; path = Robot.cpp; sourceTree = "<group>"; };
		98BF9F140F91144A00561309 /* Robot.hpp */ = {isa = PBXFileReference; fileEncoding = 4; lastKnownFileType = sourcecode.cpp.h; path = Robot.hpp; sourceTree = "<group>"; };
		98BF9F150F91144A00561309 /* SellingMachine.cpp */ = {isa = PBXFileReference; fileEncoding = 4; lastKnownFileType = sourcecode.cpp.cpp; path = SellingMachine.cpp; sourceTree = "<group>"; };
		98BF9F160F91144A00561309 /* SellingMachine.hpp */ = {isa = PBXFileReference; fileEncoding = 4; lastKnownFileType = sourcecode.cpp.h; path = SellingMachine.hpp; sourceTree = "<group>"; };
		98BF9F1F0F91144A00561309 /* TalkativeNPC.cpp */ = {isa = PBXFileReference; fileEncoding = 4; lastKnownFileType = sourcecode.cpp.cpp; path = TalkativeNPC.cpp; sourceTree = "<group>"; };
		98BF9F200F91144A00561309 /* TalkativeNPC.hpp */ = {isa = PBXFileReference; fileEncoding = 4; lastKnownFileType = sourcecode.cpp.h; path = TalkativeNPC.hpp; sourceTree = "<group>"; };
		98BF9F210F91144A00561309 /* TriggerEventItem.cpp */ = {isa = PBXFileReference; fileEncoding = 4; lastKnownFileType = sourcecode.cpp.cpp; path = TriggerEventItem.cpp; sourceTree = "<group>"; };
		98BF9F220F91144A00561309 /* TriggerEventItem.hpp */ = {isa = PBXFileReference; fileEncoding = 4; lastKnownFileType = sourcecode.cpp.h; path = TriggerEventItem.hpp; sourceTree = "<group>"; };
		98BF9F230F91144A00561309 /* WeaponItem.cpp */ = {isa = PBXFileReference; fileEncoding = 4; lastKnownFileType = sourcecode.cpp.cpp; path = WeaponItem.cpp; sourceTree = "<group>"; };
		98BF9F240F91144A00561309 /* WeaponItem.hpp */ = {isa = PBXFileReference; fileEncoding = 4; lastKnownFileType = sourcecode.cpp.h; path = WeaponItem.hpp; sourceTree = "<group>"; };
		98BF9F250F91144A00561309 /* XItem.cpp */ = {isa = PBXFileReference; fileEncoding = 4; lastKnownFileType = sourcecode.cpp.cpp; path = XItem.cpp; sourceTree = "<group>"; };
		98BF9F260F91144A00561309 /* XItem.hpp */ = {isa = PBXFileReference; fileEncoding = 4; lastKnownFileType = sourcecode.cpp.h; path = XItem.hpp; sourceTree = "<group>"; };
		98BF9F280F91144A00561309 /* CGUIStaticTTText.cpp */ = {isa = PBXFileReference; fileEncoding = 4; lastKnownFileType = sourcecode.cpp.cpp; path = CGUIStaticTTText.cpp; sourceTree = "<group>"; };
		98BF9F290F91144A00561309 /* CGUIStaticTTText.hpp */ = {isa = PBXFileReference; fileEncoding = 4; lastKnownFileType = sourcecode.cpp.h; path = CGUIStaticTTText.hpp; sourceTree = "<group>"; };
		98BF9F2A0F91144A00561309 /* CGUITTFont.cpp */ = {isa = PBXFileReference; fileEncoding = 4; lastKnownFileType = sourcecode.cpp.cpp; path = CGUITTFont.cpp; sourceTree = "<group>"; };
		98BF9F2B0F91144A00561309 /* CGUITTFont.hpp */ = {isa = PBXFileReference; fileEncoding = 4; lastKnownFileType = sourcecode.cpp.h; path = CGUITTFont.hpp; sourceTree = "<group>"; };
		98BF9F2C0F91144A00561309 /* FloorDecalSceneNode.cpp */ = {isa = PBXFileReference; fileEncoding = 4; lastKnownFileType = sourcecode.cpp.cpp; path = FloorDecalSceneNode.cpp; sourceTree = "<group>"; };
		98BF9F2D0F91144A00561309 /* FloorDecalSceneNode.hpp */ = {isa = PBXFileReference; fileEncoding = 4; lastKnownFileType = sourcecode.cpp.h; path = FloorDecalSceneNode.hpp; sourceTree = "<group>"; };
		98BF9F2E0F91144A00561309 /* FrontEnd.cpp */ = {isa = PBXFileReference; fileEncoding = 4; lastKnownFileType = sourcecode.cpp.cpp; path = FrontEnd.cpp; sourceTree = "<group>"; };
		98BF9F2F0F91144A00561309 /* FrontEnd.hpp */ = {isa = PBXFileReference; fileEncoding = 4; lastKnownFileType = sourcecode.cpp.h; path = FrontEnd.hpp; sourceTree = "<group>"; };
		98BF9F300F91144A00561309 /* GameEngine.cpp */ = {isa = PBXFileReference; fileEncoding = 4; lastKnownFileType = sourcecode.cpp.cpp; path = GameEngine.cpp; sourceTree = "<group>"; };
		98BF9F310F91144A00561309 /* GameEngine.hpp */ = {isa = PBXFileReference; fileEncoding = 4; lastKnownFileType = sourcecode.cpp.h; path = GameEngine.hpp; sourceTree = "<group>"; };
		98BF9F320F91144A00561309 /* InputEventReceiver.cpp */ = {isa = PBXFileReference; fileEncoding = 4; lastKnownFileType = sourcecode.cpp.cpp; path = InputEventReceiver.cpp; sourceTree = "<group>"; };
		98BF9F330F91144A00561309 /* InputEventReceiver.hpp */ = {isa = PBXFileReference; fileEncoding = 4; lastKnownFileType = sourcecode.cpp.h; path = InputEventReceiver.hpp; sourceTree = "<group>"; };
		98BF9F340F91144A00561309 /* StartupScreen.cpp */ = {isa = PBXFileReference; fileEncoding = 4; lastKnownFileType = sourcecode.cpp.cpp; path = StartupScreen.cpp; sourceTree = "<group>"; };
		98BF9F350F91144A00561309 /* StartupScreen.hpp */ = {isa = PBXFileReference; fileEncoding = 4; lastKnownFileType = sourcecode.cpp.h; path = StartupScreen.hpp; sourceTree = "<group>"; };
/* End PBXFileReference section */

/* Begin PBXFrameworksBuildPhase section */
		9868F1040F1305AD004AE96C /* Frameworks */ = {
			isa = PBXFrameworksBuildPhase;
			buildActionMask = 2147483647;
			files = (
				9868F1220F1306E5004AE96C /* Carbon.framework in Frameworks */,
				9868F1230F1306E5004AE96C /* Cocoa.framework in Frameworks */,
				9868F1240F1306E5004AE96C /* OpenGL.framework in Frameworks */,
				98563E760F1A46370050410E /* libboost_thread-gcc40-mt-s.a in Frameworks */,
				98563E770F1A46370050410E /* libboost_thread-gcc40-mt-s-1_37.a in Frameworks */,
				98563E780F1A46370050410E /* libboost_date_time-gcc40-mt-s.a in Frameworks */,
				98563E790F1A46380050410E /* libboost_date_time-gcc40-mt-s-1_37.a in Frameworks */,
				98563E7A0F1A46380050410E /* libfreetype.a in Frameworks */,
				98563E7C0F1A46480050410E /* libIrrlicht.a in Frameworks */,
				9807F7AC0F50645B008E3E5B /* libirrKlang.a in Frameworks */,
				980DBDEC0F95DE520019D252 /* libirrklang.dylib in Frameworks */,
				980DBE000F95E0B40019D252 /* ikpMP3.dylib in Frameworks */,
				8E0571AB0F9654930033DCAD /* libikpMP3.dylib in Frameworks */,
			);
			runOnlyForDeploymentPostprocessing = 0;
		};
/* End PBXFrameworksBuildPhase section */

/* Begin PBXGroup section */
		9830F6300F8CBA8F009055BC /* MacOSX */ = {
			isa = PBXGroup;
			children = (
				9830F6390F8CBAB5009055BC /* MainMenu.nib */,
			);
			name = MacOSX;
			sourceTree = "<group>";
		};
		9868EF430F1303F4004AE96C = {
			isa = PBXGroup;
			children = (
				98BF9ED70F91144900561309 /* Utils */,
				98BF9EDD0F91144900561309 /* Game */,
				98BF9F270F91144A00561309 /* Engine */,
				9830F6300F8CBA8F009055BC /* MacOSX */,
				9807F47C0F4FED16008E3E5B /* main.cpp */,
				9868F12B0F1308BC004AE96C /* Library */,
				9868F1070F1305AD004AE96C /* Products */,
				9868F1090F1305AD004AE96C /* FYP-Info.plist */,
			);
			sourceTree = "<group>";
		};
		9868F1070F1305AD004AE96C /* Products */ = {
			isa = PBXGroup;
			children = (
				9868F1060F1305AD004AE96C /* FYP.app */,
			);
			name = Products;
			sourceTree = "<group>";
		};
		9868F12B0F1308BC004AE96C /* Library */ = {
			isa = PBXGroup;
			children = (
				980DBDFF0F95E0B40019D252 /* ikpMP3.dylib */,
				980DBDEA0F95DE520019D252 /* libirrklang.dylib */,
				8E0571AA0F9654930033DCAD /* libikpMP3.dylib */,
				9807F7AB0F50645B008E3E5B /* libirrKlang.a */,
				98563E7B0F1A46480050410E /* libIrrlicht.a */,
				98563E710F1A46370050410E /* libboost_thread-gcc40-mt-s.a */,
				98563E720F1A46370050410E /* libboost_thread-gcc40-mt-s-1_37.a */,
				98563E730F1A46370050410E /* libboost_date_time-gcc40-mt-s.a */,
				98563E740F1A46370050410E /* libboost_date_time-gcc40-mt-s-1_37.a */,
				98563E750F1A46370050410E /* libfreetype.a */,
				9868EF510F130414004AE96C /* Carbon.framework */,
				9868EF520F130414004AE96C /* Cocoa.framework */,
				9868EF530F130414004AE96C /* OpenGL.framework */,
			);
			name = Library;
			sourceTree = "<group>";
		};
		98BF9ED70F91144900561309 /* Utils */ = {
			isa = PBXGroup;
			children = (
				980AE6340F9E7AFA009BF936 /* Utils.cpp */,
				980AE6350F9E7AFA009BF936 /* Utils.hpp */,
				98BF9ED80F91144900561309 /* Check.hpp */,
				98BF9ED90F91144900561309 /* CollisionHelper.cpp */,
				98BF9EDA0F91144900561309 /* CollisionHelper.hpp */,
				98BF9EDB0F91144900561309 /* DebugInfo.cpp */,
				98BF9EDC0F91144900561309 /* DebugInfo.hpp */,
				985A49E90F91E71800C9C0DE /* Tokenizer.cpp */,
				985A49EA0F91E71800C9C0DE /* Tokenizer.hpp */,
			);
			name = Utils;
			path = ../Utils;
			sourceTree = SOURCE_ROOT;
		};
		98BF9EDD0F91144900561309 /* Game */ = {
			isa = PBXGroup;
			children = (
				98BF9EDE0F91144900561309 /* Actor.cpp */,
				98BF9EDF0F91144900561309 /* Actor.hpp */,
				98BF9EE00F91144900561309 /* ActorTypes.hpp */,
				98BF9EE10F91144900561309 /* Camera.cpp */,
				98BF9EE20F91144900561309 /* Camera.hpp */,
				98BF9EF40F91144900561309 /* GameHUD.cpp */,
				98BF9EF50F91144900561309 /* GameHUD.hpp */,
				98BF9EF60F91144900561309 /* GameWorld.cpp */,
				98BF9EF70F91144900561309 /* GameWorld.hpp */,
				98BF9EF80F91144900561309 /* HPItem.cpp */,
				98BF9EF90F91144900561309 /* HPItem.hpp */,
				98BF9EFA0F91144900561309 /* InteractiveActor.cpp */,
				98BF9EFB0F91144900561309 /* InteractiveActor.hpp */,
				98BF9EFC0F91144900561309 /* Item.cpp */,
				98BF9EFD0F91144900561309 /* Item.hpp */,
				98BF9F000F91144900561309 /* MainCharacter.cpp */,
				98BF9F010F91144900561309 /* MainCharacter.hpp */,
				98BF9F020F91144900561309 /* MDiscItem.cpp */,
				98BF9F030F91144900561309 /* MDiscItem.hpp */,
				98BF9F040F91144900561309 /* Monster.cpp */,
				98BF9F050F91144900561309 /* Monster.hpp */,
				98BF9F060F91144900561309 /* NodeID.hpp */,
				98BF9F0B0F91144900561309 /* Player.cpp */,
				98BF9F0C0F91144900561309 /* Player.hpp */,
				98BF9F110F91144A00561309 /* ProgressCircle.cpp */,
				98BF9F120F91144A00561309 /* ProgressCircle.hpp */,
				98BF9F130F91144A00561309 /* Robot.cpp */,
				98BF9F140F91144A00561309 /* Robot.hpp */,
				98BF9F150F91144A00561309 /* SellingMachine.cpp */,
				98BF9F160F91144A00561309 /* SellingMachine.hpp */,
				98BF9F1F0F91144A00561309 /* TalkativeNPC.cpp */,
				98BF9F200F91144A00561309 /* TalkativeNPC.hpp */,
				98BF9F210F91144A00561309 /* TriggerEventItem.cpp */,
				98BF9F220F91144A00561309 /* TriggerEventItem.hpp */,
				98BF9F230F91144A00561309 /* WeaponItem.cpp */,
				98BF9F240F91144A00561309 /* WeaponItem.hpp */,
				98BF9F250F91144A00561309 /* XItem.cpp */,
				98BF9F260F91144A00561309 /* XItem.hpp */,
			);
			name = Game;
			path = ../Game;
			sourceTree = SOURCE_ROOT;
		};
		98BF9F270F91144A00561309 /* Engine */ = {
			isa = PBXGroup;
			children = (
				98B885430F963CDE0002A9D5 /* ParticleManager.cpp */,
				98B885440F963CDE0002A9D5 /* ParticleManager.hpp */,
				980DBDDE0F95DDAB0019D252 /* GamePart.cpp */,
				980DBDDF0F95DDAB0019D252 /* GamePart.hpp */,
				9803EA420F9309050041D61B /* Shader.hpp */,
				9803EA430F9309050041D61B /* Shader.cpp */,
				9803EA3F0F9308F00041D61B /* ShaderFactory.cpp */,
				9803EA400F9308F00041D61B /* ShaderFactory.hpp */,
				98BF9F280F91144A00561309 /* CGUIStaticTTText.cpp */,
				98BF9F290F91144A00561309 /* CGUIStaticTTText.hpp */,
				98BF9F2A0F91144A00561309 /* CGUITTFont.cpp */,
				98BF9F2B0F91144A00561309 /* CGUITTFont.hpp */,
				98BF9F2C0F91144A00561309 /* FloorDecalSceneNode.cpp */,
				98BF9F2D0F91144A00561309 /* FloorDecalSceneNode.hpp */,
				985A49DD0F91E6DE00C9C0DE /* FontManager.cpp */,
				985A49DE0F91E6DE00C9C0DE /* FontManager.hpp */,
				98BF9F2E0F91144A00561309 /* FrontEnd.cpp */,
				98BF9F2F0F91144A00561309 /* FrontEnd.hpp */,
				98BF9F300F91144A00561309 /* GameEngine.cpp */,
				98BF9F310F91144A00561309 /* GameEngine.hpp */,
				98BF9F320F91144A00561309 /* InputEventReceiver.cpp */,
				98BF9F330F91144A00561309 /* InputEventReceiver.hpp */,
				98BF9F340F91144A00561309 /* StartupScreen.cpp */,
				98BF9F350F91144A00561309 /* StartupScreen.hpp */,
			);
			name = Engine;
			path = ../Engine;
			sourceTree = SOURCE_ROOT;
		};
/* End PBXGroup section */

/* Begin PBXNativeTarget section */
		9868F1050F1305AD004AE96C /* FYP */ = {
			isa = PBXNativeTarget;
			buildConfigurationList = 9868F10C0F1305AD004AE96C /* Build configuration list for PBXNativeTarget "FYP" */;
			buildPhases = (
				9868F1020F1305AD004AE96C /* Resources */,
				9868F1030F1305AD004AE96C /* Sources */,
				9868F1040F1305AD004AE96C /* Frameworks */,
			);
			buildRules = (
			);
			dependencies = (
			);
			name = FYP;
			productName = FYP;
			productReference = 9868F1060F1305AD004AE96C /* FYP.app */;
			productType = "com.apple.product-type.application";
		};
/* End PBXNativeTarget section */

/* Begin PBXProject section */
		9868EF450F1303F5004AE96C /* Project object */ = {
			isa = PBXProject;
			attributes = {
				BuildIndependentTargetsInParallel = NO;
			};
			buildConfigurationList = 9868EF480F1303F5004AE96C /* Build configuration list for PBXProject "FYP" */;
			compatibilityVersion = "Xcode 2.4";
			hasScannedForEncodings = 0;
			mainGroup = 9868EF430F1303F4004AE96C;
			productRefGroup = 9868F1070F1305AD004AE96C /* Products */;
			projectDirPath = "";
			projectRoot = "";
			targets = (
				9868F1050F1305AD004AE96C /* FYP */,
			);
		};
/* End PBXProject section */

/* Begin PBXResourcesBuildPhase section */
		9868F1020F1305AD004AE96C /* Resources */ = {
			isa = PBXResourcesBuildPhase;
			buildActionMask = 2147483647;
			files = (
				9830F63E0F8CBAB5009055BC /* MainMenu.nib in Resources */,
			);
			runOnlyForDeploymentPostprocessing = 0;
		};
/* End PBXResourcesBuildPhase section */

/* Begin PBXSourcesBuildPhase section */
		9868F1030F1305AD004AE96C /* Sources */ = {
			isa = PBXSourcesBuildPhase;
			buildActionMask = 2147483647;
			files = (
				9807F47D0F4FED16008E3E5B /* main.cpp in Sources */,
				98BF9F360F91144A00561309 /* CollisionHelper.cpp in Sources */,
				98BF9F370F91144A00561309 /* DebugInfo.cpp in Sources */,
				98BF9F380F91144A00561309 /* Actor.cpp in Sources */,
				98BF9F390F91144A00561309 /* Camera.cpp in Sources */,
				98BF9F420F91144A00561309 /* GameHUD.cpp in Sources */,
				98BF9F430F91144A00561309 /* GameWorld.cpp in Sources */,
				98BF9F440F91144A00561309 /* HPItem.cpp in Sources */,
				98BF9F450F91144A00561309 /* InteractiveActor.cpp in Sources */,
				98BF9F460F91144A00561309 /* Item.cpp in Sources */,
				98BF9F480F91144A00561309 /* MainCharacter.cpp in Sources */,
				98BF9F490F91144A00561309 /* MDiscItem.cpp in Sources */,
				98BF9F4A0F91144A00561309 /* Monster.cpp in Sources */,
				98BF9F4D0F91144A00561309 /* Player.cpp in Sources */,
				98BF9F500F91144A00561309 /* ProgressCircle.cpp in Sources */,
				98BF9F510F91144A00561309 /* Robot.cpp in Sources */,
				98BF9F520F91144A00561309 /* SellingMachine.cpp in Sources */,
				98BF9F570F91144A00561309 /* TalkativeNPC.cpp in Sources */,
				98BF9F580F91144A00561309 /* TriggerEventItem.cpp in Sources */,
				98BF9F590F91144A00561309 /* WeaponItem.cpp in Sources */,
				98BF9F5A0F91144A00561309 /* XItem.cpp in Sources */,
				98BF9F5B0F91144A00561309 /* CGUIStaticTTText.cpp in Sources */,
				98BF9F5C0F91144A00561309 /* CGUITTFont.cpp in Sources */,
				98BF9F5D0F91144A00561309 /* FloorDecalSceneNode.cpp in Sources */,
				98BF9F5E0F91144A00561309 /* FrontEnd.cpp in Sources */,
				98BF9F5F0F91144A00561309 /* GameEngine.cpp in Sources */,
				98BF9F600F91144A00561309 /* InputEventReceiver.cpp in Sources */,
				98BF9F610F91144A00561309 /* StartupScreen.cpp in Sources */,
				985A49DF0F91E6DE00C9C0DE /* FontManager.cpp in Sources */,
				985A49EB0F91E71800C9C0DE /* Tokenizer.cpp in Sources */,
				9803EA410F9308F00041D61B /* ShaderFactory.cpp in Sources */,
				9803EA440F9309050041D61B /* Shader.cpp in Sources */,
				980DBDE00F95DDAB0019D252 /* GamePart.cpp in Sources */,
				98B885450F963CDE0002A9D5 /* ParticleManager.cpp in Sources */,
				980AE6360F9E7AFA009BF936 /* Utils.cpp in Sources */,
			);
			runOnlyForDeploymentPostprocessing = 0;
		};
/* End PBXSourcesBuildPhase section */

/* Begin XCBuildConfiguration section */
		9868EF460F1303F5004AE96C /* Debug */ = {
			isa = XCBuildConfiguration;
			buildSettings = {
				CONFIGURATION_BUILD_DIR = ../../;
				COPY_PHASE_STRIP = NO;
				HEADER_SEARCH_PATHS = "\"$(SRCROOT)/../../include\"";
				LIBRARY_SEARCH_PATHS = ../../lib;
				SDKROOT = /Developer/SDKs/MacOSX10.5.sdk;
			};
			name = Debug;
		};
		9868EF470F1303F5004AE96C /* Release */ = {
			isa = XCBuildConfiguration;
			buildSettings = {
				CONFIGURATION_BUILD_DIR = ../../;
				COPY_PHASE_STRIP = YES;
				HEADER_SEARCH_PATHS = ../../include;
				LIBRARY_SEARCH_PATHS = ../../lib;
				MACH_O_TYPE = mh_execute;
				MACOSX_DEPLOYMENT_TARGET = 10.5;
				PRECOMPS_INCLUDE_HEADERS_FROM_BUILT_PRODUCTS_DIR = YES;
				SCAN_ALL_SOURCE_FILES_FOR_INCLUDES = NO;
				SDKROOT = /Developer/SDKs/MacOSX10.5.sdk;
			};
			name = Release;
		};
		9868F10A0F1305AD004AE96C /* Debug */ = {
			isa = XCBuildConfiguration;
			buildSettings = {
				ALWAYS_SEARCH_USER_PATHS = NO;
				COPY_PHASE_STRIP = NO;
				GCC_DYNAMIC_NO_PIC = NO;
				GCC_ENABLE_FIX_AND_CONTINUE = YES;
				GCC_MODEL_TUNING = G5;
				GCC_OPTIMIZATION_LEVEL = 0;
				GCC_PRECOMPILE_PREFIX_HEADER = YES;
				GCC_PREFIX_HEADER = "$(SYSTEM_LIBRARY_DIR)/Frameworks/Carbon.framework/Headers/Carbon.h";
				INFOPLIST_FILE = "FYP-Info.plist";
				INSTALL_PATH = "$(HOME)/Applications";
				LIBRARY_SEARCH_PATHS = (
					"$(inherited)",
					"$(LIBRARY_SEARCH_PATHS_QUOTED_FOR_TARGET_1)",
					"$(LIBRARY_SEARCH_PATHS_QUOTED_FOR_TARGET_2)",
					"$(LIBRARY_SEARCH_PATHS_QUOTED_FOR_TARGET_3)",
					"$(LIBRARY_SEARCH_PATHS_QUOTED_FOR_TARGET_4)",
					"$(LIBRARY_SEARCH_PATHS_QUOTED_FOR_TARGET_5)",
					"$(LIBRARY_SEARCH_PATHS_QUOTED_FOR_TARGET_6)",
					"$(LIBRARY_SEARCH_PATHS_QUOTED_FOR_TARGET_7)",
					"$(LIBRARY_SEARCH_PATHS_QUOTED_FOR_TARGET_8)",
					"$(LIBRARY_SEARCH_PATHS_QUOTED_FOR_TARGET_9)",
				);
				LIBRARY_SEARCH_PATHS_QUOTED_FOR_TARGET_1 = "\"$(SRCROOT)\"";
				LIBRARY_SEARCH_PATHS_QUOTED_FOR_TARGET_2 = "\"$(SRCROOT)\"";
				LIBRARY_SEARCH_PATHS_QUOTED_FOR_TARGET_3 = "\"$(SRCROOT)/../../lib\"";
				LIBRARY_SEARCH_PATHS_QUOTED_FOR_TARGET_4 = "\"$(SRCROOT)/../../lib\"";
				LIBRARY_SEARCH_PATHS_QUOTED_FOR_TARGET_5 = "\"$(SRCROOT)/../..\"";
				LIBRARY_SEARCH_PATHS_QUOTED_FOR_TARGET_6 = "\"$(SRCROOT)/../../lib\"";
				LIBRARY_SEARCH_PATHS_QUOTED_FOR_TARGET_7 = "\"$(SRCROOT)/../..\"";
				LIBRARY_SEARCH_PATHS_QUOTED_FOR_TARGET_8 = "\"$(SRCROOT)/../../../Irrlicht/irrKlang-1.1.3/bin/macosx-gcc\"";
				LIBRARY_SEARCH_PATHS_QUOTED_FOR_TARGET_9 = "\"$(SRCROOT)/..\"";
				OTHER_LDFLAGS = (
					"-framework",
					Carbon,
				);
				PREBINDING = NO;
				PRODUCT_NAME = FYP;
			};
			name = Debug;
		};
		9868F10B0F1305AD004AE96C /* Release */ = {
			isa = XCBuildConfiguration;
			buildSettings = {
				ALWAYS_SEARCH_USER_PATHS = NO;
				COPY_PHASE_STRIP = YES;
				DEBUG_INFORMATION_FORMAT = "dwarf-with-dsym";
				GCC_ENABLE_FIX_AND_CONTINUE = NO;
				GCC_MODEL_TUNING = G5;
				GCC_PRECOMPILE_PREFIX_HEADER = YES;
				GCC_PREFIX_HEADER = "$(SYSTEM_LIBRARY_DIR)/Frameworks/Carbon.framework/Headers/Carbon.h";
				INFOPLIST_FILE = "FYP-Info.plist";
				INSTALL_PATH = "$(HOME)/Applications";
				LIBRARY_SEARCH_PATHS = (
					"$(inherited)",
					"$(LIBRARY_SEARCH_PATHS_QUOTED_FOR_TARGET_1)",
					"$(LIBRARY_SEARCH_PATHS_QUOTED_FOR_TARGET_2)",
					"$(LIBRARY_SEARCH_PATHS_QUOTED_FOR_TARGET_3)",
					"$(LIBRARY_SEARCH_PATHS_QUOTED_FOR_TARGET_4)",
					"$(LIBRARY_SEARCH_PATHS_QUOTED_FOR_TARGET_5)",
					"$(LIBRARY_SEARCH_PATHS_QUOTED_FOR_TARGET_6)",
					"$(LIBRARY_SEARCH_PATHS_QUOTED_FOR_TARGET_7)",
					"$(LIBRARY_SEARCH_PATHS_QUOTED_FOR_TARGET_8)",
					"$(LIBRARY_SEARCH_PATHS_QUOTED_FOR_TARGET_9)",
				);
				LIBRARY_SEARCH_PATHS_QUOTED_FOR_TARGET_1 = "\"$(SRCROOT)\"";
				LIBRARY_SEARCH_PATHS_QUOTED_FOR_TARGET_2 = "\"$(SRCROOT)\"";
				LIBRARY_SEARCH_PATHS_QUOTED_FOR_TARGET_3 = "\"$(SRCROOT)/../../lib\"";
				LIBRARY_SEARCH_PATHS_QUOTED_FOR_TARGET_4 = "\"$(SRCROOT)/../../lib\"";
				LIBRARY_SEARCH_PATHS_QUOTED_FOR_TARGET_5 = "\"$(SRCROOT)/../..\"";
				LIBRARY_SEARCH_PATHS_QUOTED_FOR_TARGET_6 = "\"$(SRCROOT)/../../lib\"";
				LIBRARY_SEARCH_PATHS_QUOTED_FOR_TARGET_7 = "\"$(SRCROOT)/../..\"";
				LIBRARY_SEARCH_PATHS_QUOTED_FOR_TARGET_8 = "\"$(SRCROOT)/../../../Irrlicht/irrKlang-1.1.3/bin/macosx-gcc\"";
				LIBRARY_SEARCH_PATHS_QUOTED_FOR_TARGET_9 = "\"$(SRCROOT)/..\"";
				OTHER_LDFLAGS = (
					"-framework",
					Carbon,
				);
				PREBINDING = NO;
				PRODUCT_NAME = FYP;
				ZERO_LINK = NO;
			};
			name = Release;
		};
/* End XCBuildConfiguration section */

/* Begin XCConfigurationList section */
		9868EF480F1303F5004AE96C /* Build configuration list for PBXProject "FYP" */ = {
			isa = XCConfigurationList;
			buildConfigurations = (
				9868EF460F1303F5004AE96C /* Debug */,
				9868EF470F1303F5004AE96C /* Release */,
			);
			defaultConfigurationIsVisible = 0;
			defaultConfigurationName = Release;
		};
		9868F10C0F1305AD004AE96C /* Build configuration list for PBXNativeTarget "FYP" */ = {
			isa = XCConfigurationList;
			buildConfigurations = (
				9868F10A0F1305AD004AE96C /* Debug */,
				9868F10B0F1305AD004AE96C /* Release */,
			);
			defaultConfigurationIsVisible = 0;
			defaultConfigurationName = Release;
		};
/* End XCConfigurationList section */
	};
	rootObject = 9868EF450F1303F5004AE96C /* Project object */;
}
