// !$*UTF8*$!
{
	archiveVersion = 1;
	classes = {
	};
	objectVersion = 42;
	objects = {

/* Begin PBXBuildFile section */
		9807F27A0F4E5F2E008E3E5B /* CGUITTFont.cpp in Sources */ = {isa = PBXBuildFile; fileRef = 9807F24F0F4E5F2E008E3E5B /* CGUITTFont.cpp */; };
		9807F27B0F4E5F2E008E3E5B /* ConcurrentQueue.cpp in Sources */ = {isa = PBXBuildFile; fileRef = 9807F2510F4E5F2E008E3E5B /* ConcurrentQueue.cpp */; };
		9807F28B0F4E5F2E008E3E5B /* GameObjectCollection.cpp in Sources */ = {isa = PBXBuildFile; fileRef = 9807F26C0F4E5F2E008E3E5B /* GameObjectCollection.cpp */; };
		9807F28C0F4E5F2E008E3E5B /* InputEventHandler.cpp in Sources */ = {isa = PBXBuildFile; fileRef = 9807F26E0F4E5F2E008E3E5B /* InputEventHandler.cpp */; };
		9807F28D0F4E5F2E008E3E5B /* main.cpp in Sources */ = {isa = PBXBuildFile; fileRef = 9807F2700F4E5F2E008E3E5B /* main.cpp */; };
		9807F28F0F4E5F2E008E3E5B /* Monster.cpp in Sources */ = {isa = PBXBuildFile; fileRef = 9807F2720F4E5F2E008E3E5B /* Monster.cpp */; };
		9807F2900F4E5F2E008E3E5B /* Player.cpp in Sources */ = {isa = PBXBuildFile; fileRef = 9807F2740F4E5F2E008E3E5B /* Player.cpp */; };
		9807F2910F4E5F2E008E3E5B /* ProgressCircle.cpp in Sources */ = {isa = PBXBuildFile; fileRef = 9807F2760F4E5F2E008E3E5B /* ProgressCircle.cpp */; };
		9807F2920F4E5F2E008E3E5B /* RenderingHandler.cpp in Sources */ = {isa = PBXBuildFile; fileRef = 9807F2780F4E5F2E008E3E5B /* RenderingHandler.cpp */; };
		98563E760F1A46370050410E /* libboost_thread-gcc40-mt-s.a in Frameworks */ = {isa = PBXBuildFile; fileRef = 98563E710F1A46370050410E /* libboost_thread-gcc40-mt-s.a */; };
		98563E770F1A46370050410E /* libboost_thread-gcc40-mt-s-1_37.a in Frameworks */ = {isa = PBXBuildFile; fileRef = 98563E720F1A46370050410E /* libboost_thread-gcc40-mt-s-1_37.a */; };
		98563E780F1A46370050410E /* libboost_date_time-gcc40-mt-s.a in Frameworks */ = {isa = PBXBuildFile; fileRef = 98563E730F1A46370050410E /* libboost_date_time-gcc40-mt-s.a */; };
		98563E790F1A46380050410E /* libboost_date_time-gcc40-mt-s-1_37.a in Frameworks */ = {isa = PBXBuildFile; fileRef = 98563E740F1A46370050410E /* libboost_date_time-gcc40-mt-s-1_37.a */; };
		98563E7A0F1A46380050410E /* libfreetype.a in Frameworks */ = {isa = PBXBuildFile; fileRef = 98563E750F1A46370050410E /* libfreetype.a */; };
		98563E7C0F1A46480050410E /* libIrrlicht.a in Frameworks */ = {isa = PBXBuildFile; fileRef = 98563E7B0F1A46480050410E /* libIrrlicht.a */; };
		9868F1220F1306E5004AE96C /* Carbon.framework in Frameworks */ = {isa = PBXBuildFile; fileRef = 9868EF510F130414004AE96C /* Carbon.framework */; };
		9868F1230F1306E5004AE96C /* Cocoa.framework in Frameworks */ = {isa = PBXBuildFile; fileRef = 9868EF520F130414004AE96C /* Cocoa.framework */; };
		9868F1240F1306E5004AE96C /* OpenGL.framework in Frameworks */ = {isa = PBXBuildFile; fileRef = 9868EF530F130414004AE96C /* OpenGL.framework */; };
/* End PBXBuildFile section */

/* Begin PBXFileReference section */
		9807F24F0F4E5F2E008E3E5B /* CGUITTFont.cpp */ = {isa = PBXFileReference; fileEncoding = 4; lastKnownFileType = sourcecode.cpp.cpp; path = CGUITTFont.cpp; sourceTree = "<group>"; };
		9807F2500F4E5F2E008E3E5B /* CGUITTFont.h */ = {isa = PBXFileReference; fileEncoding = 4; lastKnownFileType = sourcecode.c.h; path = CGUITTFont.h; sourceTree = "<group>"; };
		9807F2510F4E5F2E008E3E5B /* ConcurrentQueue.cpp */ = {isa = PBXFileReference; fileEncoding = 4; lastKnownFileType = sourcecode.cpp.cpp; path = ConcurrentQueue.cpp; sourceTree = "<group>"; };
		9807F2520F4E5F2E008E3E5B /* ConcurrentQueue.hpp */ = {isa = PBXFileReference; fileEncoding = 4; lastKnownFileType = sourcecode.cpp.h; path = ConcurrentQueue.hpp; sourceTree = "<group>"; };
		9807F2530F4E5F2E008E3E5B /* FSM.h */ = {isa = PBXFileReference; fileEncoding = 4; lastKnownFileType = sourcecode.c.h; path = FSM.h; sourceTree = "<group>"; };
		9807F26C0F4E5F2E008E3E5B /* GameObjectCollection.cpp */ = {isa = PBXFileReference; fileEncoding = 4; lastKnownFileType = sourcecode.cpp.cpp; path = GameObjectCollection.cpp; sourceTree = "<group>"; };
		9807F26D0F4E5F2E008E3E5B /* GameObjectCollection.hpp */ = {isa = PBXFileReference; fileEncoding = 4; lastKnownFileType = sourcecode.cpp.h; path = GameObjectCollection.hpp; sourceTree = "<group>"; };
		9807F26E0F4E5F2E008E3E5B /* InputEventHandler.cpp */ = {isa = PBXFileReference; fileEncoding = 4; lastKnownFileType = sourcecode.cpp.cpp; path = InputEventHandler.cpp; sourceTree = "<group>"; };
		9807F26F0F4E5F2E008E3E5B /* InputEventHandler.hpp */ = {isa = PBXFileReference; fileEncoding = 4; lastKnownFileType = sourcecode.cpp.h; path = InputEventHandler.hpp; sourceTree = "<group>"; };
		9807F2700F4E5F2E008E3E5B /* main.cpp */ = {isa = PBXFileReference; fileEncoding = 4; lastKnownFileType = sourcecode.cpp.cpp; path = main.cpp; sourceTree = "<group>"; };
		9807F2720F4E5F2E008E3E5B /* Monster.cpp */ = {isa = PBXFileReference; fileEncoding = 4; lastKnownFileType = sourcecode.cpp.cpp; path = Monster.cpp; sourceTree = "<group>"; };
		9807F2730F4E5F2E008E3E5B /* Monster.h */ = {isa = PBXFileReference; fileEncoding = 4; lastKnownFileType = sourcecode.c.h; path = Monster.h; sourceTree = "<group>"; };
		9807F2740F4E5F2E008E3E5B /* Player.cpp */ = {isa = PBXFileReference; fileEncoding = 4; lastKnownFileType = sourcecode.cpp.cpp; path = Player.cpp; sourceTree = "<group>"; };
		9807F2750F4E5F2E008E3E5B /* Player.hpp */ = {isa = PBXFileReference; fileEncoding = 4; lastKnownFileType = sourcecode.cpp.h; path = Player.hpp; sourceTree = "<group>"; };
		9807F2760F4E5F2E008E3E5B /* ProgressCircle.cpp */ = {isa = PBXFileReference; fileEncoding = 4; lastKnownFileType = sourcecode.cpp.cpp; path = ProgressCircle.cpp; sourceTree = "<group>"; };
		9807F2770F4E5F2E008E3E5B /* ProgressCircle.hpp */ = {isa = PBXFileReference; fileEncoding = 4; lastKnownFileType = sourcecode.cpp.h; path = ProgressCircle.hpp; sourceTree = "<group>"; };
		9807F2780F4E5F2E008E3E5B /* RenderingHandler.cpp */ = {isa = PBXFileReference; fileEncoding = 4; lastKnownFileType = sourcecode.cpp.cpp; path = RenderingHandler.cpp; sourceTree = "<group>"; };
		9807F2790F4E5F2E008E3E5B /* RenderingHandler.hpp */ = {isa = PBXFileReference; fileEncoding = 4; lastKnownFileType = sourcecode.cpp.h; path = RenderingHandler.hpp; sourceTree = "<group>"; };
		98563E710F1A46370050410E /* libboost_thread-gcc40-mt-s.a */ = {isa = PBXFileReference; lastKnownFileType = archive.ar; name = "libboost_thread-gcc40-mt-s.a"; path = "../../lib/libboost_thread-gcc40-mt-s.a"; sourceTree = SOURCE_ROOT; };
		98563E720F1A46370050410E /* libboost_thread-gcc40-mt-s-1_37.a */ = {isa = PBXFileReference; lastKnownFileType = archive.ar; name = "libboost_thread-gcc40-mt-s-1_37.a"; path = "../../lib/libboost_thread-gcc40-mt-s-1_37.a"; sourceTree = SOURCE_ROOT; };
		98563E730F1A46370050410E /* libboost_date_time-gcc40-mt-s.a */ = {isa = PBXFileReference; lastKnownFileType = archive.ar; name = "libboost_date_time-gcc40-mt-s.a"; path = "../../lib/libboost_date_time-gcc40-mt-s.a"; sourceTree = SOURCE_ROOT; };
		98563E740F1A46370050410E /* libboost_date_time-gcc40-mt-s-1_37.a */ = {isa = PBXFileReference; lastKnownFileType = archive.ar; name = "libboost_date_time-gcc40-mt-s-1_37.a"; path = "../../lib/libboost_date_time-gcc40-mt-s-1_37.a"; sourceTree = SOURCE_ROOT; };
		98563E750F1A46370050410E /* libfreetype.a */ = {isa = PBXFileReference; lastKnownFileType = archive.ar; name = libfreetype.a; path = ../../lib/libfreetype.a; sourceTree = SOURCE_ROOT; };
		98563E7B0F1A46480050410E /* libIrrlicht.a */ = {isa = PBXFileReference; lastKnownFileType = archive.ar; name = libIrrlicht.a; path = ../../lib/libIrrlicht.a; sourceTree = SOURCE_ROOT; };
		9868EF510F130414004AE96C /* Carbon.framework */ = {isa = PBXFileReference; lastKnownFileType = wrapper.framework; name = Carbon.framework; path = /System/Library/Frameworks/Carbon.framework; sourceTree = "<absolute>"; };
		9868EF520F130414004AE96C /* Cocoa.framework */ = {isa = PBXFileReference; lastKnownFileType = wrapper.framework; name = Cocoa.framework; path = /System/Library/Frameworks/Cocoa.framework; sourceTree = "<absolute>"; };
		9868EF530F130414004AE96C /* OpenGL.framework */ = {isa = PBXFileReference; lastKnownFileType = wrapper.framework; name = OpenGL.framework; path = /System/Library/Frameworks/OpenGL.framework; sourceTree = "<absolute>"; };
		9868F1060F1305AD004AE96C /* FYP.app */ = {isa = PBXFileReference; explicitFileType = wrapper.application; includeInIndex = 0; path = FYP.app; sourceTree = BUILT_PRODUCTS_DIR; };
		9868F1090F1305AD004AE96C /* FYP-Info.plist */ = {isa = PBXFileReference; lastKnownFileType = text.plist.xml; path = "FYP-Info.plist"; sourceTree = "<group>"; };
/* End PBXFileReference section */

/* Begin PBXFrameworksBuildPhase section */
		9868F1040F1305AD004AE96C /* Frameworks */ = {
			isa = PBXFrameworksBuildPhase;
			buildActionMask = 2147483647;
			files = (
				9868F1220F1306E5004AE96C /* Carbon.framework in Frameworks */,
				9868F1230F1306E5004AE96C /* Cocoa.framework in Frameworks */,
				9868F1240F1306E5004AE96C /* OpenGL.framework in Frameworks */,
				98563E760F1A46370050410E /* libboost_thread-gcc40-mt-s.a in Frameworks */,
				98563E770F1A46370050410E /* libboost_thread-gcc40-mt-s-1_37.a in Frameworks */,
				98563E780F1A46370050410E /* libboost_date_time-gcc40-mt-s.a in Frameworks */,
				98563E790F1A46380050410E /* libboost_date_time-gcc40-mt-s-1_37.a in Frameworks */,
				98563E7A0F1A46380050410E /* libfreetype.a in Frameworks */,
				98563E7C0F1A46480050410E /* libIrrlicht.a in Frameworks */,
			);
			runOnlyForDeploymentPostprocessing = 0;
		};
/* End PBXFrameworksBuildPhase section */

/* Begin PBXGroup section */
		9807F24E0F4E5F2E008E3E5B /* src */ = {
			isa = PBXGroup;
			children = (
				9807F24F0F4E5F2E008E3E5B /* CGUITTFont.cpp */,
				9807F2500F4E5F2E008E3E5B /* CGUITTFont.h */,
				9807F2510F4E5F2E008E3E5B /* ConcurrentQueue.cpp */,
				9807F2520F4E5F2E008E3E5B /* ConcurrentQueue.hpp */,
				9807F2530F4E5F2E008E3E5B /* FSM.h */,
				9807F26C0F4E5F2E008E3E5B /* GameObjectCollection.cpp */,
				9807F26D0F4E5F2E008E3E5B /* GameObjectCollection.hpp */,
				9807F26E0F4E5F2E008E3E5B /* InputEventHandler.cpp */,
				9807F26F0F4E5F2E008E3E5B /* InputEventHandler.hpp */,
				9807F2700F4E5F2E008E3E5B /* main.cpp */,
				9807F2720F4E5F2E008E3E5B /* Monster.cpp */,
				9807F2730F4E5F2E008E3E5B /* Monster.h */,
				9807F2740F4E5F2E008E3E5B /* Player.cpp */,
				9807F2750F4E5F2E008E3E5B /* Player.hpp */,
				9807F2760F4E5F2E008E3E5B /* ProgressCircle.cpp */,
				9807F2770F4E5F2E008E3E5B /* ProgressCircle.hpp */,
				9807F2780F4E5F2E008E3E5B /* RenderingHandler.cpp */,
				9807F2790F4E5F2E008E3E5B /* RenderingHandler.hpp */,
			);
			name = src;
			path = ..;
			sourceTree = SOURCE_ROOT;
		};
		9868EF430F1303F4004AE96C = {
			isa = PBXGroup;
			children = (
				9807F24E0F4E5F2E008E3E5B /* src */,
				9868F12B0F1308BC004AE96C /* Library */,
				9868F1070F1305AD004AE96C /* Products */,
				9868F1090F1305AD004AE96C /* FYP-Info.plist */,
			);
			sourceTree = "<group>";
		};
		9868F1070F1305AD004AE96C /* Products */ = {
			isa = PBXGroup;
			children = (
				9868F1060F1305AD004AE96C /* FYP.app */,
			);
			name = Products;
			sourceTree = "<group>";
		};
		9868F12B0F1308BC004AE96C /* Library */ = {
			isa = PBXGroup;
			children = (
				98563E7B0F1A46480050410E /* libIrrlicht.a */,
				98563E710F1A46370050410E /* libboost_thread-gcc40-mt-s.a */,
				98563E720F1A46370050410E /* libboost_thread-gcc40-mt-s-1_37.a */,
				98563E730F1A46370050410E /* libboost_date_time-gcc40-mt-s.a */,
				98563E740F1A46370050410E /* libboost_date_time-gcc40-mt-s-1_37.a */,
				98563E750F1A46370050410E /* libfreetype.a */,
				9868EF510F130414004AE96C /* Carbon.framework */,
				9868EF520F130414004AE96C /* Cocoa.framework */,
				9868EF530F130414004AE96C /* OpenGL.framework */,
			);
			name = Library;
			sourceTree = "<group>";
		};
/* End PBXGroup section */

/* Begin PBXNativeTarget section */
		9868F1050F1305AD004AE96C /* FYP */ = {
			isa = PBXNativeTarget;
			buildConfigurationList = 9868F10C0F1305AD004AE96C /* Build configuration list for PBXNativeTarget "FYP" */;
			buildPhases = (
				9868F1020F1305AD004AE96C /* Resources */,
				9868F1030F1305AD004AE96C /* Sources */,
				9868F1040F1305AD004AE96C /* Frameworks */,
			);
			buildRules = (
			);
			dependencies = (
			);
			name = FYP;
			productName = FYP;
			productReference = 9868F1060F1305AD004AE96C /* FYP.app */;
			productType = "com.apple.product-type.application";
		};
/* End PBXNativeTarget section */

/* Begin PBXProject section */
		9868EF450F1303F5004AE96C /* Project object */ = {
			isa = PBXProject;
			buildConfigurationList = 9868EF480F1303F5004AE96C /* Build configuration list for PBXProject "FYP" */;
			compatibilityVersion = "Xcode 2.4";
			hasScannedForEncodings = 0;
			mainGroup = 9868EF430F1303F4004AE96C;
			productRefGroup = 9868F1070F1305AD004AE96C /* Products */;
			projectDirPath = "";
			projectRoot = "";
			targets = (
				9868F1050F1305AD004AE96C /* FYP */,
			);
		};
/* End PBXProject section */

/* Begin PBXResourcesBuildPhase section */
		9868F1020F1305AD004AE96C /* Resources */ = {
			isa = PBXResourcesBuildPhase;
			buildActionMask = 2147483647;
			files = (
			);
			runOnlyForDeploymentPostprocessing = 0;
		};
/* End PBXResourcesBuildPhase section */

/* Begin PBXSourcesBuildPhase section */
		9868F1030F1305AD004AE96C /* Sources */ = {
			isa = PBXSourcesBuildPhase;
			buildActionMask = 2147483647;
			files = (
				9807F27A0F4E5F2E008E3E5B /* CGUITTFont.cpp in Sources */,
				9807F27B0F4E5F2E008E3E5B /* ConcurrentQueue.cpp in Sources */,
				9807F28B0F4E5F2E008E3E5B /* GameObjectCollection.cpp in Sources */,
				9807F28C0F4E5F2E008E3E5B /* InputEventHandler.cpp in Sources */,
				9807F28D0F4E5F2E008E3E5B /* main.cpp in Sources */,
				9807F28F0F4E5F2E008E3E5B /* Monster.cpp in Sources */,
				9807F2900F4E5F2E008E3E5B /* Player.cpp in Sources */,
				9807F2910F4E5F2E008E3E5B /* ProgressCircle.cpp in Sources */,
				9807F2920F4E5F2E008E3E5B /* RenderingHandler.cpp in Sources */,
			);
			runOnlyForDeploymentPostprocessing = 0;
		};
/* End PBXSourcesBuildPhase section */

/* Begin XCBuildConfiguration section */
		9868EF460F1303F5004AE96C /* Debug */ = {
			isa = XCBuildConfiguration;
			buildSettings = {
				COPY_PHASE_STRIP = NO;
				HEADER_SEARCH_PATHS = "\"$(SRCROOT)/../../include\"";
				SDKROOT = /Developer/SDKs/MacOSX10.4u.sdk;
			};
			name = Debug;
		};
		9868EF470F1303F5004AE96C /* Release */ = {
			isa = XCBuildConfiguration;
			buildSettings = {
				CONFIGURATION_BUILD_DIR = ../../;
				COPY_PHASE_STRIP = YES;
				HEADER_SEARCH_PATHS = ../../include;
				PRECOMPS_INCLUDE_HEADERS_FROM_BUILT_PRODUCTS_DIR = YES;
				SCAN_ALL_SOURCE_FILES_FOR_INCLUDES = NO;
				SDKROOT = /Developer/SDKs/MacOSX10.4u.sdk;
			};
			name = Release;
		};
		9868F10A0F1305AD004AE96C /* Debug */ = {
			isa = XCBuildConfiguration;
			buildSettings = {
				ALWAYS_SEARCH_USER_PATHS = NO;
				COPY_PHASE_STRIP = NO;
				GCC_DYNAMIC_NO_PIC = NO;
				GCC_ENABLE_FIX_AND_CONTINUE = YES;
				GCC_MODEL_TUNING = G5;
				GCC_OPTIMIZATION_LEVEL = 0;
				GCC_PRECOMPILE_PREFIX_HEADER = YES;
				GCC_PREFIX_HEADER = "$(SYSTEM_LIBRARY_DIR)/Frameworks/Carbon.framework/Headers/Carbon.h";
				INFOPLIST_FILE = "FYP-Info.plist";
				INSTALL_PATH = "$(HOME)/Applications";
				LIBRARY_SEARCH_PATHS = (
					"$(inherited)",
					"$(LIBRARY_SEARCH_PATHS_QUOTED_FOR_TARGET_1)",
					"$(LIBRARY_SEARCH_PATHS_QUOTED_FOR_TARGET_2)",
					"$(LIBRARY_SEARCH_PATHS_QUOTED_FOR_TARGET_3)",
				);
				LIBRARY_SEARCH_PATHS_QUOTED_FOR_TARGET_1 = "\"$(SRCROOT)\"";
				LIBRARY_SEARCH_PATHS_QUOTED_FOR_TARGET_2 = "\"$(SRCROOT)\"";
				LIBRARY_SEARCH_PATHS_QUOTED_FOR_TARGET_3 = "\"$(SRCROOT)/../../lib\"";
				OTHER_LDFLAGS = (
					"-framework",
					Carbon,
				);
				PREBINDING = NO;
				PRODUCT_NAME = FYP;
			};
			name = Debug;
		};
		9868F10B0F1305AD004AE96C /* Release */ = {
			isa = XCBuildConfiguration;
			buildSettings = {
				ALWAYS_SEARCH_USER_PATHS = NO;
				COPY_PHASE_STRIP = YES;
				DEBUG_INFORMATION_FORMAT = "dwarf-with-dsym";
				GCC_ENABLE_FIX_AND_CONTINUE = NO;
				GCC_MODEL_TUNING = G5;
				GCC_PRECOMPILE_PREFIX_HEADER = YES;
				GCC_PREFIX_HEADER = "$(SYSTEM_LIBRARY_DIR)/Frameworks/Carbon.framework/Headers/Carbon.h";
				INFOPLIST_FILE = "FYP-Info.plist";
				INSTALL_PATH = "$(HOME)/Applications";
				LIBRARY_SEARCH_PATHS = (
					"$(inherited)",
					"$(LIBRARY_SEARCH_PATHS_QUOTED_FOR_TARGET_1)",
					"$(LIBRARY_SEARCH_PATHS_QUOTED_FOR_TARGET_2)",
					"$(LIBRARY_SEARCH_PATHS_QUOTED_FOR_TARGET_3)",
				);
				LIBRARY_SEARCH_PATHS_QUOTED_FOR_TARGET_1 = "\"$(SRCROOT)\"";
				LIBRARY_SEARCH_PATHS_QUOTED_FOR_TARGET_2 = "\"$(SRCROOT)\"";
				LIBRARY_SEARCH_PATHS_QUOTED_FOR_TARGET_3 = "\"$(SRCROOT)/../../lib\"";
				OTHER_LDFLAGS = (
					"-framework",
					Carbon,
				);
				PREBINDING = NO;
				PRODUCT_NAME = FYP;
				ZERO_LINK = NO;
			};
			name = Release;
		};
/* End XCBuildConfiguration section */

/* Begin XCConfigurationList section */
		9868EF480F1303F5004AE96C /* Build configuration list for PBXProject "FYP" */ = {
			isa = XCConfigurationList;
			buildConfigurations = (
				9868EF460F1303F5004AE96C /* Debug */,
				9868EF470F1303F5004AE96C /* Release */,
			);
			defaultConfigurationIsVisible = 0;
			defaultConfigurationName = Release;
		};
		9868F10C0F1305AD004AE96C /* Build configuration list for PBXNativeTarget "FYP" */ = {
			isa = XCConfigurationList;
			buildConfigurations = (
				9868F10A0F1305AD004AE96C /* Debug */,
				9868F10B0F1305AD004AE96C /* Release */,
			);
			defaultConfigurationIsVisible = 0;
			defaultConfigurationName = Release;
		};
/* End XCConfigurationList section */
	};
	rootObject = 9868EF450F1303F5004AE96C /* Project object */;
}
